{
  "lockfileVersion": 1,
  "configVersion": 1,
  "workspaces": {
    "": {
      "name": "compress-shader-literals-e2e",
      "dependencies": {
        "@jayf0x/fluidity-js": "0.2.8",
      },
    },
  },
  "packages": {
    "@jayf0x/fluidity-js": ["@jayf0x/fluidity-js@0.2.8", "", { "peerDependencies": { "react": ">=17.0.0", "react-dom": ">=17.0.0" } }, "sha512-J9wU3EaTAn07r7aXyTvBu9BTY2ymWWVo3/HkOQqUGIAHozqw9N9sLYFHrBnzjA/UouqMcfeXdfx5KkbjyXivoQ=="],

    "react": ["react@19.2.7", "", {}, "sha512-HNe9WslTbXmFK8o8cmwgAeJFSBvt1bPdHCVKtaaV+WlAN36mpT4hcRpwbf3fY56ar2oIXzsBpOAiIRHAdY0OlQ=="],

    "react-dom": ["react-dom@19.2.7", "", { "dependencies": { "scheduler": "^0.27.0" }, "peerDependencies": { "react": "^19.2.7" } }, "sha512-t0BRVXvbiE/o20Hfw669rLbMCDWtYZLvmJigy2f0MxsXF+71pxhR3xOkspmsO8h3ZlNzyibAmtCa3l4lYKk6gQ=="],

    "scheduler": ["scheduler@0.27.0", "", {}, "sha512-eNv+WrVbKu1f3vbYJT/xtiF5syA5HPIMtf9IgY/nKg0sWqzAUEvqY/xm7OcZc/qafLx/iO9FgOmeSAp4v5ti/Q=="],
  }
}
